// !$*UTF8*$!
{
	archiveVersion = 1;
	classes = {
	};
	objectVersion = 50;
	objects = {

/* Begin PBXBuildFile section */
		671E42C423F8D1E00029681B /* AppDelegate.swift in Sources */ = {isa = PBXBuildFile; fileRef = 671E42C323F8D1E00029681B /* AppDelegate.swift */; };
		671E42C623F8D1E00029681B /* SceneDelegate.swift in Sources */ = {isa = PBXBuildFile; fileRef = 671E42C523F8D1E00029681B /* SceneDelegate.swift */; };
		671E42C823F8D1E00029681B /* MainController.swift in Sources */ = {isa = PBXBuildFile; fileRef = 671E42C723F8D1E00029681B /* MainController.swift */; };
		671E42CD23F8D1E00029681B /* Assets.xcassets in Resources */ = {isa = PBXBuildFile; fileRef = 671E42CC23F8D1E00029681B /* Assets.xcassets */; };
		671E42D023F8D1E00029681B /* LaunchScreen.storyboard in Resources */ = {isa = PBXBuildFile; fileRef = 671E42CE23F8D1E00029681B /* LaunchScreen.storyboard */; };
		671E42DB23F8EEAA0029681B /* RecipeCardViewCell.swift in Sources */ = {isa = PBXBuildFile; fileRef = 671E42DA23F8EEAA0029681B /* RecipeCardViewCell.swift */; };
		671E42E423F95C7C0029681B /* SqliteInstance.swift in Sources */ = {isa = PBXBuildFile; fileRef = 671E42E323F95C7C0029681B /* SqliteInstance.swift */; };
		671E42E623F95CCF0029681B /* SqliteInstance+crud.swift in Sources */ = {isa = PBXBuildFile; fileRef = 671E42E523F95CCF0029681B /* SqliteInstance+crud.swift */; };
		671E42E923F95D930029681B /* Recipe.swift in Sources */ = {isa = PBXBuildFile; fileRef = 671E42E823F95D930029681B /* Recipe.swift */; };
		671E42EB23F95DA80029681B /* Ingredient.swift in Sources */ = {isa = PBXBuildFile; fileRef = 671E42EA23F95DA80029681B /* Ingredient.swift */; };
		671E42ED23F95DF90029681B /* Procedure.swift in Sources */ = {isa = PBXBuildFile; fileRef = 671E42EC23F95DF90029681B /* Procedure.swift */; };
		671E42EF23F95E5F0029681B /* Note.swift in Sources */ = {isa = PBXBuildFile; fileRef = 671E42EE23F95E5F0029681B /* Note.swift */; };
		671E42F123F9A8C00029681B /* Protocol.swift in Sources */ = {isa = PBXBuildFile; fileRef = 671E42F023F9A8C00029681B /* Protocol.swift */; };
		671E42F423FA74110029681B /* RecipeType.xml in Resources */ = {isa = PBXBuildFile; fileRef = 671E42F323FA74110029681B /* RecipeType.xml */; };
		671E42F623FA77530029681B /* RecipeType.swift in Sources */ = {isa = PBXBuildFile; fileRef = 671E42F523FA77530029681B /* RecipeType.swift */; };
		671E42F823FA7AC30029681B /* DetailController.swift in Sources */ = {isa = PBXBuildFile; fileRef = 671E42F723FA7AC30029681B /* DetailController.swift */; };
		671E42FA23FAB6FE0029681B /* Extension.swift in Sources */ = {isa = PBXBuildFile; fileRef = 671E42F923FAB6FE0029681B /* Extension.swift */; };
		671E42FC23FB073A0029681B /* AddRecipeController.swift in Sources */ = {isa = PBXBuildFile; fileRef = 671E42FB23FB073A0029681B /* AddRecipeController.swift */; };
		671E42FE23FB13910029681B /* PickerView.swift in Sources */ = {isa = PBXBuildFile; fileRef = 671E42FD23FB13910029681B /* PickerView.swift */; };
/* End PBXBuildFile section */

/* Begin PBXFileReference section */
		671E42C023F8D1E00029681B /* RecipeApp.app */ = {isa = PBXFileReference; explicitFileType = wrapper.application; includeInIndex = 0; path = RecipeApp.app; sourceTree = BUILT_PRODUCTS_DIR; };
		671E42C323F8D1E00029681B /* AppDelegate.swift */ = {isa = PBXFileReference; lastKnownFileType = sourcecode.swift; path = AppDelegate.swift; sourceTree = "<group>"; };
		671E42C523F8D1E00029681B /* SceneDelegate.swift */ = {isa = PBXFileReference; lastKnownFileType = sourcecode.swift; path = SceneDelegate.swift; sourceTree = "<group>"; };
		671E42C723F8D1E00029681B /* MainController.swift */ = {isa = PBXFileReference; lastKnownFileType = sourcecode.swift; path = MainController.swift; sourceTree = "<group>"; };
		671E42CC23F8D1E00029681B /* Assets.xcassets */ = {isa = PBXFileReference; lastKnownFileType = folder.assetcatalog; path = Assets.xcassets; sourceTree = "<group>"; };
		671E42CF23F8D1E00029681B /* Base */ = {isa = PBXFileReference; lastKnownFileType = file.storyboard; name = Base; path = Base.lproj/LaunchScreen.storyboard; sourceTree = "<group>"; };
		671E42D123F8D1E00029681B /* Info.plist */ = {isa = PBXFileReference; lastKnownFileType = text.plist.xml; path = Info.plist; sourceTree = "<group>"; };
		671E42DA23F8EEAA0029681B /* RecipeCardViewCell.swift */ = {isa = PBXFileReference; lastKnownFileType = sourcecode.swift; path = RecipeCardViewCell.swift; sourceTree = "<group>"; };
		671E42E323F95C7C0029681B /* SqliteInstance.swift */ = {isa = PBXFileReference; lastKnownFileType = sourcecode.swift; path = SqliteInstance.swift; sourceTree = "<group>"; };
		671E42E523F95CCF0029681B /* SqliteInstance+crud.swift */ = {isa = PBXFileReference; lastKnownFileType = sourcecode.swift; path = "SqliteInstance+crud.swift"; sourceTree = "<group>"; };
		671E42E823F95D930029681B /* Recipe.swift */ = {isa = PBXFileReference; lastKnownFileType = sourcecode.swift; path = Recipe.swift; sourceTree = "<group>"; };
		671E42EA23F95DA80029681B /* Ingredient.swift */ = {isa = PBXFileReference; lastKnownFileType = sourcecode.swift; path = Ingredient.swift; sourceTree = "<group>"; };
		671E42EC23F95DF90029681B /* Procedure.swift */ = {isa = PBXFileReference; lastKnownFileType = sourcecode.swift; path = Procedure.swift; sourceTree = "<group>"; };
		671E42EE23F95E5F0029681B /* Note.swift */ = {isa = PBXFileReference; lastKnownFileType = sourcecode.swift; path = Note.swift; sourceTree = "<group>"; };
		671E42F023F9A8C00029681B /* Protocol.swift */ = {isa = PBXFileReference; lastKnownFileType = sourcecode.swift; path = Protocol.swift; sourceTree = "<group>"; };
		671E42F323FA74110029681B /* RecipeType.xml */ = {isa = PBXFileReference; lastKnownFileType = text.xml; path = RecipeType.xml; sourceTree = "<group>"; };
		671E42F523FA77530029681B /* RecipeType.swift */ = {isa = PBXFileReference; lastKnownFileType = sourcecode.swift; path = RecipeType.swift; sourceTree = "<group>"; };
		671E42F723FA7AC30029681B /* DetailController.swift */ = {isa = PBXFileReference; lastKnownFileType = sourcecode.swift; path = DetailController.swift; sourceTree = "<group>"; };
		671E42F923FAB6FE0029681B /* Extension.swift */ = {isa = PBXFileReference; lastKnownFileType = sourcecode.swift; path = Extension.swift; sourceTree = "<group>"; };
		671E42FB23FB073A0029681B /* AddRecipeController.swift */ = {isa = PBXFileReference; lastKnownFileType = sourcecode.swift; path = AddRecipeController.swift; sourceTree = "<group>"; };
		671E42FD23FB13910029681B /* PickerView.swift */ = {isa = PBXFileReference; lastKnownFileType = sourcecode.swift; path = PickerView.swift; sourceTree = "<group>"; };
/* End PBXFileReference section */

/* Begin PBXFrameworksBuildPhase section */
		671E42BD23F8D1E00029681B /* Frameworks */ = {
			isa = PBXFrameworksBuildPhase;
			buildActionMask = 2147483647;
			files = (
			);
			runOnlyForDeploymentPostprocessing = 0;
		};
/* End PBXFrameworksBuildPhase section */

/* Begin PBXGroup section */
		671E42B723F8D1E00029681B = {
			isa = PBXGroup;
			children = (
				671E42F223FA73EB0029681B /* Data */,
				671E42E723F95D550029681B /* Classes */,
				671E42E223F95C4A0029681B /* DB */,
				671E42D923F8EE7E0029681B /* Components */,
				671E42C223F8D1E00029681B /* RecipeApp */,
				671E42C123F8D1E00029681B /* Products */,
			);
			sourceTree = "<group>";
		};
		671E42C123F8D1E00029681B /* Products */ = {
			isa = PBXGroup;
			children = (
				671E42C023F8D1E00029681B /* RecipeApp.app */,
			);
			name = Products;
			sourceTree = "<group>";
		};
		671E42C223F8D1E00029681B /* RecipeApp */ = {
			isa = PBXGroup;
			children = (
				671E42C323F8D1E00029681B /* AppDelegate.swift */,
				671E42C523F8D1E00029681B /* SceneDelegate.swift */,
				671E42C723F8D1E00029681B /* MainController.swift */,
				671E42F723FA7AC30029681B /* DetailController.swift */,
				671E42FB23FB073A0029681B /* AddRecipeController.swift */,
				671E42F923FAB6FE0029681B /* Extension.swift */,
				671E42CC23F8D1E00029681B /* Assets.xcassets */,
				671E42CE23F8D1E00029681B /* LaunchScreen.storyboard */,
				671E42D123F8D1E00029681B /* Info.plist */,
			);
			path = RecipeApp;
			sourceTree = "<group>";
		};
		671E42D923F8EE7E0029681B /* Components */ = {
			isa = PBXGroup;
			children = (
				671E42DA23F8EEAA0029681B /* RecipeCardViewCell.swift */,
				671E42FD23FB13910029681B /* PickerView.swift */,
			);
			path = Components;
			sourceTree = "<group>";
		};
		671E42E223F95C4A0029681B /* DB */ = {
			isa = PBXGroup;
			children = (
				671E42E323F95C7C0029681B /* SqliteInstance.swift */,
				671E42E523F95CCF0029681B /* SqliteInstance+crud.swift */,
				671E42F023F9A8C00029681B /* Protocol.swift */,
			);
			path = DB;
			sourceTree = "<group>";
		};
		671E42E723F95D550029681B /* Classes */ = {
			isa = PBXGroup;
			children = (
				671E42E823F95D930029681B /* Recipe.swift */,
				671E42EA23F95DA80029681B /* Ingredient.swift */,
				671E42EC23F95DF90029681B /* Procedure.swift */,
				671E42EE23F95E5F0029681B /* Note.swift */,
				671E42F523FA77530029681B /* RecipeType.swift */,
			);
			path = Classes;
			sourceTree = "<group>";
		};
		671E42F223FA73EB0029681B /* Data */ = {
			isa = PBXGroup;
			children = (
				671E42F323FA74110029681B /* RecipeType.xml */,
			);
			path = Data;
			sourceTree = "<group>";
		};
/* End PBXGroup section */

/* Begin PBXNativeTarget section */
		671E42BF23F8D1E00029681B /* RecipeApp */ = {
			isa = PBXNativeTarget;
			buildConfigurationList = 671E42D423F8D1E00029681B /* Build configuration list for PBXNativeTarget "RecipeApp" */;
			buildPhases = (
				671E42BC23F8D1E00029681B /* Sources */,
				671E42BD23F8D1E00029681B /* Frameworks */,
				671E42BE23F8D1E00029681B /* Resources */,
			);
			buildRules = (
			);
			dependencies = (
			);
			name = RecipeApp;
			productName = RecipeApp;
			productReference = 671E42C023F8D1E00029681B /* RecipeApp.app */;
			productType = "com.apple.product-type.application";
		};
/* End PBXNativeTarget section */

/* Begin PBXProject section */
		671E42B823F8D1E00029681B /* Project object */ = {
			isa = PBXProject;
			attributes = {
				LastSwiftUpdateCheck = 1120;
				LastUpgradeCheck = 1120;
				ORGANIZATIONNAME = Vickson;
				TargetAttributes = {
					671E42BF23F8D1E00029681B = {
						CreatedOnToolsVersion = 11.2.1;
					};
				};
			};
			buildConfigurationList = 671E42BB23F8D1E00029681B /* Build configuration list for PBXProject "RecipeApp" */;
			compatibilityVersion = "Xcode 9.3";
			developmentRegion = en;
			hasScannedForEncodings = 0;
			knownRegions = (
				en,
				Base,
			);
			mainGroup = 671E42B723F8D1E00029681B;
			productRefGroup = 671E42C123F8D1E00029681B /* Products */;
			projectDirPath = "";
			projectRoot = "";
			targets = (
				671E42BF23F8D1E00029681B /* RecipeApp */,
			);
		};
/* End PBXProject section */

/* Begin PBXResourcesBuildPhase section */
		671E42BE23F8D1E00029681B /* Resources */ = {
			isa = PBXResourcesBuildPhase;
			buildActionMask = 2147483647;
			files = (
				671E42F423FA74110029681B /* RecipeType.xml in Resources */,
				671E42D023F8D1E00029681B /* LaunchScreen.storyboard in Resources */,
				671E42CD23F8D1E00029681B /* Assets.xcassets in Resources */,
			);
			runOnlyForDeploymentPostprocessing = 0;
		};
/* End PBXResourcesBuildPhase section */

/* Begin PBXSourcesBuildPhase section */
		671E42BC23F8D1E00029681B /* Sources */ = {
			isa = PBXSourcesBuildPhase;
			buildActionMask = 2147483647;
			files = (
				671E42ED23F95DF90029681B /* Procedure.swift in Sources */,
				671E42E423F95C7C0029681B /* SqliteInstance.swift in Sources */,
				671E42DB23F8EEAA0029681B /* RecipeCardViewCell.swift in Sources */,
				671E42E923F95D930029681B /* Recipe.swift in Sources */,
				671E42FE23FB13910029681B /* PickerView.swift in Sources */,
				671E42C823F8D1E00029681B /* MainController.swift in Sources */,
				671E42F623FA77530029681B /* RecipeType.swift in Sources */,
				671E42EF23F95E5F0029681B /* Note.swift in Sources */,
				671E42F123F9A8C00029681B /* Protocol.swift in Sources */,
				671E42F823FA7AC30029681B /* DetailController.swift in Sources */,
				671E42EB23F95DA80029681B /* Ingredient.swift in Sources */,
				671E42E623F95CCF0029681B /* SqliteInstance+crud.swift in Sources */,
				671E42C423F8D1E00029681B /* AppDelegate.swift in Sources */,
				671E42FC23FB073A0029681B /* AddRecipeController.swift in Sources */,
				671E42C623F8D1E00029681B /* SceneDelegate.swift in Sources */,
				671E42FA23FAB6FE0029681B /* Extension.swift in Sources */,
			);
			runOnlyForDeploymentPostprocessing = 0;
		};
/* End PBXSourcesBuildPhase section */

/* Begin PBXVariantGroup section */
		671E42CE23F8D1E00029681B /* LaunchScreen.storyboard */ = {
			isa = PBXVariantGroup;
			children = (
				671E42CF23F8D1E00029681B /* Base */,
			);
			name = LaunchScreen.storyboard;
			sourceTree = "<group>";
		};
/* End PBXVariantGroup section */

/* Begin XCBuildConfiguration section */
		671E42D223F8D1E00029681B /* Debug */ = {
			isa = XCBuildConfiguration;
			buildSettings = {
				ALWAYS_SEARCH_USER_PATHS = NO;
				CLANG_ANALYZER_NONNULL = YES;
				CLANG_ANALYZER_NUMBER_OBJECT_CONVERSION = YES_AGGRESSIVE;
				CLANG_CXX_LANGUAGE_STANDARD = "gnu++14";
				CLANG_CXX_LIBRARY = "libc++";
				CLANG_ENABLE_MODULES = YES;
				CLANG_ENABLE_OBJC_ARC = YES;
				CLANG_ENABLE_OBJC_WEAK = YES;
				CLANG_WARN_BLOCK_CAPTURE_AUTORELEASING = YES;
				CLANG_WARN_BOOL_CONVERSION = YES;
				CLANG_WARN_COMMA = YES;
				CLANG_WARN_CONSTANT_CONVERSION = YES;
				CLANG_WARN_DEPRECATED_OBJC_IMPLEMENTATIONS = YES;
				CLANG_WARN_DIRECT_OBJC_ISA_USAGE = YES_ERROR;
				CLANG_WARN_DOCUMENTATION_COMMENTS = YES;
				CLANG_WARN_EMPTY_BODY = YES;
				CLANG_WARN_ENUM_CONVERSION = YES;
				CLANG_WARN_INFINITE_RECURSION = YES;
				CLANG_WARN_INT_CONVERSION = YES;
				CLANG_WARN_NON_LITERAL_NULL_CONVERSION = YES;
				CLANG_WARN_OBJC_IMPLICIT_RETAIN_SELF = YES;
				CLANG_WARN_OBJC_LITERAL_CONVERSION = YES;
				CLANG_WARN_OBJC_ROOT_CLASS = YES_ERROR;
				CLANG_WARN_RANGE_LOOP_ANALYSIS = YES;
				CLANG_WARN_STRICT_PROTOTYPES = YES;
				CLANG_WARN_SUSPICIOUS_MOVE = YES;
				CLANG_WARN_UNGUARDED_AVAILABILITY = YES_AGGRESSIVE;
				CLANG_WARN_UNREACHABLE_CODE = YES;
				CLANG_WARN__DUPLICATE_METHOD_MATCH = YES;
				COPY_PHASE_STRIP = NO;
				DEBUG_INFORMATION_FORMAT = dwarf;
				ENABLE_STRICT_OBJC_MSGSEND = YES;
				ENABLE_TESTABILITY = YES;
				GCC_C_LANGUAGE_STANDARD = gnu11;
				GCC_DYNAMIC_NO_PIC = NO;
				GCC_NO_COMMON_BLOCKS = YES;
				GCC_OPTIMIZATION_LEVEL = 0;
				GCC_PREPROCESSOR_DEFINITIONS = (
					"DEBUG=1",
					"$(inherited)",
				);
				GCC_WARN_64_TO_32_BIT_CONVERSION = YES;
				GCC_WARN_ABOUT_RETURN_TYPE = YES_ERROR;
				GCC_WARN_UNDECLARED_SELECTOR = YES;
				GCC_WARN_UNINITIALIZED_AUTOS = YES_AGGRESSIVE;
				GCC_WARN_UNUSED_FUNCTION = YES;
				GCC_WARN_UNUSED_VARIABLE = YES;
				IPHONEOS_DEPLOYMENT_TARGET = 13.2;
				MTL_ENABLE_DEBUG_INFO = INCLUDE_SOURCE;
				MTL_FAST_MATH = YES;
				ONLY_ACTIVE_ARCH = YES;
				SDKROOT = iphoneos;
				SWIFT_ACTIVE_COMPILATION_CONDITIONS = DEBUG;
				SWIFT_OPTIMIZATION_LEVEL = "-Onone";
			};
			name = Debug;
		};
		671E42D323F8D1E00029681B /* Release */ = {
			isa = XCBuildConfiguration;
			buildSettings = {
				ALWAYS_SEARCH_USER_PATHS = NO;
				CLANG_ANALYZER_NONNULL = YES;
				CLANG_ANALYZER_NUMBER_OBJECT_CONVERSION = YES_AGGRESSIVE;
				CLANG_CXX_LANGUAGE_STANDARD = "gnu++14";
				CLANG_CXX_LIBRARY = "libc++";
				CLANG_ENABLE_MODULES = YES;
				CLANG_ENABLE_OBJC_ARC = YES;
				CLANG_ENABLE_OBJC_WEAK = YES;
				CLANG_WARN_BLOCK_CAPTURE_AUTORELEASING = YES;
				CLANG_WARN_BOOL_CONVERSION = YES;
				CLANG_WARN_COMMA = YES;
				CLANG_WARN_CONSTANT_CONVERSION = YES;
				CLANG_WARN_DEPRECATED_OBJC_IMPLEMENTATIONS = YES;
				CLANG_WARN_DIRECT_OBJC_ISA_USAGE = YES_ERROR;
				CLANG_WARN_DOCUMENTATION_COMMENTS = YES;
				CLANG_WARN_EMPTY_BODY = YES;
				CLANG_WARN_ENUM_CONVERSION = YES;
				CLANG_WARN_INFINITE_RECURSION = YES;
				CLANG_WARN_INT_CONVERSION = YES;
				CLANG_WARN_NON_LITERAL_NULL_CONVERSION = YES;
				CLANG_WARN_OBJC_IMPLICIT_RETAIN_SELF = YES;
				CLANG_WARN_OBJC_LITERAL_CONVERSION = YES;
				CLANG_WARN_OBJC_ROOT_CLASS = YES_ERROR;
				CLANG_WARN_RANGE_LOOP_ANALYSIS = YES;
				CLANG_WARN_STRICT_PROTOTYPES = YES;
				CLANG_WARN_SUSPICIOUS_MOVE = YES;
				CLANG_WARN_UNGUARDED_AVAILABILITY = YES_AGGRESSIVE;
				CLANG_WARN_UNREACHABLE_CODE = YES;
				CLANG_WARN__DUPLICATE_METHOD_MATCH = YES;
				COPY_PHASE_STRIP = NO;
				DEBUG_INFORMATION_FORMAT = "dwarf-with-dsym";
				ENABLE_NS_ASSERTIONS = NO;
				ENABLE_STRICT_OBJC_MSGSEND = YES;
				GCC_C_LANGUAGE_STANDARD = gnu11;
				GCC_NO_COMMON_BLOCKS = YES;
				GCC_WARN_64_TO_32_BIT_CONVERSION = YES;
				GCC_WARN_ABOUT_RETURN_TYPE = YES_ERROR;
				GCC_WARN_UNDECLARED_SELECTOR = YES;
				GCC_WARN_UNINITIALIZED_AUTOS = YES_AGGRESSIVE;
				GCC_WARN_UNUSED_FUNCTION = YES;
				GCC_WARN_UNUSED_VARIABLE = YES;
				IPHONEOS_DEPLOYMENT_TARGET = 13.2;
				MTL_ENABLE_DEBUG_INFO = NO;
				MTL_FAST_MATH = YES;
				SDKROOT = iphoneos;
				SWIFT_COMPILATION_MODE = wholemodule;
				SWIFT_OPTIMIZATION_LEVEL = "-O";
				VALIDATE_PRODUCT = YES;
			};
			name = Release;
		};
		671E42D523F8D1E00029681B /* Debug */ = {
			isa = XCBuildConfiguration;
			buildSettings = {
				ASSETCATALOG_COMPILER_APPICON_NAME = AppIcon;
				CODE_SIGN_STYLE = Automatic;
				DEVELOPMENT_TEAM = V3MRBC44CD;
				INFOPLIST_FILE = RecipeApp/Info.plist;
				IPHONEOS_DEPLOYMENT_TARGET = 10.0;
				LD_RUNPATH_SEARCH_PATHS = (
					"$(inherited)",
					"@executable_path/Frameworks",
				);
				PRODUCT_BUNDLE_IDENTIFIER = com.vickson.RecipeApp;
				PRODUCT_NAME = "$(TARGET_NAME)";
				SWIFT_VERSION = 5.0;
				TARGETED_DEVICE_FAMILY = "1,2";
			};
			name = Debug;
		};
		671E42D623F8D1E00029681B /* Release */ = {
			isa = XCBuildConfiguration;
			buildSettings = {
				ASSETCATALOG_COMPILER_APPICON_NAME = AppIcon;
				CODE_SIGN_STYLE = Automatic;
				DEVELOPMENT_TEAM = V3MRBC44CD;
				INFOPLIST_FILE = RecipeApp/Info.plist;
				IPHONEOS_DEPLOYMENT_TARGET = 10.0;
				LD_RUNPATH_SEARCH_PATHS = (
					"$(inherited)",
					"@executable_path/Frameworks",
				);
				PRODUCT_BUNDLE_IDENTIFIER = com.vickson.RecipeApp;
				PRODUCT_NAME = "$(TARGET_NAME)";
				SWIFT_VERSION = 5.0;
				TARGETED_DEVICE_FAMILY = "1,2";
			};
			name = Release;
		};
/* End XCBuildConfiguration section */

/* Begin XCConfigurationList section */
		671E42BB23F8D1E00029681B /* Build configuration list for PBXProject "RecipeApp" */ = {
			isa = XCConfigurationList;
			buildConfigurations = (
				671E42D223F8D1E00029681B /* Debug */,
				671E42D323F8D1E00029681B /* Release */,
			);
			defaultConfigurationIsVisible = 0;
			defaultConfigurationName = Release;
		};
		671E42D423F8D1E00029681B /* Build configuration list for PBXNativeTarget "RecipeApp" */ = {
			isa = XCConfigurationList;
			buildConfigurations = (
				671E42D523F8D1E00029681B /* Debug */,
				671E42D623F8D1E00029681B /* Release */,
			);
			defaultConfigurationIsVisible = 0;
			defaultConfigurationName = Release;
		};
/* End XCConfigurationList section */
	};
	rootObject = 671E42B823F8D1E00029681B /* Project object */;
}
